
Microsoft Visual Studio Solution File, Format Version 12.00
# Visual Studio Version 16
VisualStudioVersion = 16.0.31105.61
MinimumVisualStudioVersion = 10.0.40219.1
Project("{FAE04EC0-301F-11D3-BF4B-00C04F79EFBC}") = "Q 52", "Q 52\Q 52.csproj", "{64B9CFFC-1083-4A41-AEC0-37FAF1AF93F7}"
EndProject
Global
	GlobalSection(SolutionConfigurationPlatforms) = preSolution
		Debug|Any CPU = Debug|Any CPU
		Release|Any CPU = Release|Any CPU
	EndGlobalSection
	GlobalSection(ProjectConfigurationPlatforms) = postSolution
		{64B9CFFC-1083-4A41-AEC0-37FAF1AF93F7}.Debug|Any CPU.ActiveCfg = Debug|Any CPU
		{64B9CFFC-1083-4A41-AEC0-37FAF1AF93F7}.Debug|Any CPU.Build.0 = Debug|Any CPU
		{64B9CFFC-1083-4A41-AEC0-37FAF1AF93F7}.Release|Any CPU.ActiveCfg = Release|Any CPU
		{64B9CFFC-1083-4A41-AEC0-37FAF1AF93F7}.Release|Any CPU.Build.0 = Release|Any CPU
	EndGlobalSection
	GlobalSection(SolutionProperties) = preSolution
		HideSolutionNode = FALSE
	EndGlobalSection
	GlobalSection(ExtensibilityGlobals) = postSolution
		SolutionGuid = {15748033-2D8D-400A-8667-B04C31085A17}
	EndGlobalSection
EndGlobal
