
Microsoft Visual Studio Solution File, Format Version 12.00
# Visual Studio Version 16
VisualStudioVersion = 16.0.31105.61
MinimumVisualStudioVersion = 10.0.40219.1
Project("{FAE04EC0-301F-11D3-BF4B-00C04F79EFBC}") = "Q 55", "Q 55\Q 55.csproj", "{F665BFF7-4D0C-4290-A428-DBB0863DEC05}"
EndProject
Global
	GlobalSection(SolutionConfigurationPlatforms) = preSolution
		Debug|Any CPU = Debug|Any CPU
		Release|Any CPU = Release|Any CPU
	EndGlobalSection
	GlobalSection(ProjectConfigurationPlatforms) = postSolution
		{F665BFF7-4D0C-4290-A428-DBB0863DEC05}.Debug|Any CPU.ActiveCfg = Debug|Any CPU
		{F665BFF7-4D0C-4290-A428-DBB0863DEC05}.Debug|Any CPU.Build.0 = Debug|Any CPU
		{F665BFF7-4D0C-4290-A428-DBB0863DEC05}.Release|Any CPU.ActiveCfg = Release|Any CPU
		{F665BFF7-4D0C-4290-A428-DBB0863DEC05}.Release|Any CPU.Build.0 = Release|Any CPU
	EndGlobalSection
	GlobalSection(SolutionProperties) = preSolution
		HideSolutionNode = FALSE
	EndGlobalSection
	GlobalSection(ExtensibilityGlobals) = postSolution
		SolutionGuid = {5D238C5D-3122-4551-946E-BB69FF461330}
	EndGlobalSection
EndGlobal
